Microsoft Visual Studio Solution File, Format Version 12.00
# Visual Studio 2012
Project("{FAE04EC0-301F-11D3-BF4B-00C04F79EFBC}") = "Snake", "Snake.csproj", "{912AB661-E310-47EA-B016-D4D4D6EF2CAC}"
EndProject
Global
	GlobalSection(SolutionConfigurationPlatforms) = preSolution
	Debug|Any CPU = Debug|Any CPU
	ExportDebug|Any CPU = ExportDebug|Any CPU
	ExportRelease|Any CPU = ExportRelease|Any CPU
	EndGlobalSection
	GlobalSection(ProjectConfigurationPlatforms) = postSolution
		{912AB661-E310-47EA-B016-D4D4D6EF2CAC}.Debug|Any CPU.ActiveCfg = Debug|Any CPU
		{912AB661-E310-47EA-B016-D4D4D6EF2CAC}.Debug|Any CPU.Build.0 = Debug|Any CPU
		{912AB661-E310-47EA-B016-D4D4D6EF2CAC}.ExportDebug|Any CPU.ActiveCfg = ExportDebug|Any CPU
		{912AB661-E310-47EA-B016-D4D4D6EF2CAC}.ExportDebug|Any CPU.Build.0 = ExportDebug|Any CPU
		{912AB661-E310-47EA-B016-D4D4D6EF2CAC}.ExportRelease|Any CPU.ActiveCfg = ExportRelease|Any CPU
		{912AB661-E310-47EA-B016-D4D4D6EF2CAC}.ExportRelease|Any CPU.Build.0 = ExportRelease|Any CPU
	EndGlobalSection
EndGlobal
